<?xml version="1.0" encoding="utf-8"?>
<Project ToolsVersion="4.0" xmlns="http://schemas.microsoft.com/developer/msbuild/2003">
  <ItemGroup>
    <Filter Include="Source">
      <UniqueIdentifier>{33c7ae01-aa8a-46bd-8176-355d11be1050}</UniqueIdentifier>
    </Filter>
    <Filter Include="Source\External">
      <UniqueIdentifier>{45733f0b-acbf-43e5-8523-6a7600438b01}</UniqueIdentifier>
    </Filter>
    <Filter Include="Source\External\Imgui">
      <UniqueIdentifier>{bf6e0236-93e2-41e0-9ca0-d167cc322e30}</UniqueIdentifier>
    </Filter>
    <Filter Include="Source\External\MathGeoLib">
      <UniqueIdentifier>{9b1ef5ec-1e81-4914-88fa-1a8b21eaaf09}</UniqueIdentifier>
    </Filter>
    <Filter Include="Source\External\Imgui\misc">
      <UniqueIdentifier>{5f0f0862-3b6e-4f51-a33c-0da63c50f21b}</UniqueIdentifier>
    </Filter>
    <Filter Include="Source\External\JSON">
      <UniqueIdentifier>{41cfc0d5-cf64-4906-aaf4-0a761c176b6f}</UniqueIdentifier>
    </Filter>
    <Filter Include="Source\Model Loading">
      <UniqueIdentifier>{4b5354c0-94bf-4869-870d-47eae1cb7c82}</UniqueIdentifier>
    </Filter>
    <Filter Include="Source\Graphics">
      <UniqueIdentifier>{1aff6c57-1db2-4d06-8b82-76d2f20ba793}</UniqueIdentifier>
    </Filter>
    <Filter Include="Source\Graphics\Shaders">
      <UniqueIdentifier>{93c74bf0-a6cb-4008-acf2-036e5867c052}</UniqueIdentifier>
    </Filter>
    <Filter Include="Source\UI">
      <UniqueIdentifier>{540bde04-fbba-4896-adc7-cf51f0108945}</UniqueIdentifier>
    </Filter>
    <Filter Include="Source\Modules">
      <UniqueIdentifier>{25131eee-3489-4f23-bda8-473ec079a193}</UniqueIdentifier>
    </Filter>
    <Filter Include="Source\GameObject">
      <UniqueIdentifier>{c12b657c-2ae5-4539-987f-a2b5162a2545}</UniqueIdentifier>
    </Filter>
    <Filter Include="Source\GameObject\Components">
      <UniqueIdentifier>{491f45fb-b12a-457a-a5db-9b8878bdd4c3}</UniqueIdentifier>
    </Filter>
    <Filter Include="Source\Helpers">
      <UniqueIdentifier>{e1a717e7-07fe-4410-b388-16e910dda19f}</UniqueIdentifier>
    </Filter>
    <Filter Include="Source\Utils">
      <UniqueIdentifier>{3e33fa9d-f2df-44c8-94e4-acc7476a39dc}</UniqueIdentifier>
    </Filter>
    <Filter Include="Source\External\Bullet">
      <UniqueIdentifier>{b038fa90-072d-4a2f-b4e8-1afa0039c7c6}</UniqueIdentifier>
    </Filter>
  </ItemGroup>
  <ItemGroup>
    <ClCompile Include="Source\Application.cpp">
      <Filter>Source</Filter>
    </ClCompile>
    <ClCompile Include="Source\Main.cpp">
      <Filter>Source</Filter>
    </ClCompile>
    <ClCompile Include="Source\External\MathGeoLib\Algorithm\GJK.cpp">
      <Filter>Source\External\MathGeoLib</Filter>
    </ClCompile>
    <ClCompile Include="Source\External\MathGeoLib\Algorithm\GJK2D.cpp">
      <Filter>Source\External\MathGeoLib</Filter>
    </ClCompile>
    <ClCompile Include="Source\External\MathGeoLib\Algorithm\Random\LCG.cpp">
      <Filter>Source\External\MathGeoLib</Filter>
    </ClCompile>
    <ClCompile Include="Source\External\MathGeoLib\Algorithm\SAT.cpp">
      <Filter>Source\External\MathGeoLib</Filter>
    </ClCompile>
    <ClCompile Include="Source\External\MathGeoLib\Geometry\AABB.cpp">
      <Filter>Source\External\MathGeoLib</Filter>
    </ClCompile>
    <ClCompile Include="Source\External\MathGeoLib\Geometry\Capsule.cpp">
      <Filter>Source\External\MathGeoLib</Filter>
    </ClCompile>
    <ClCompile Include="Source\External\MathGeoLib\Geometry\Circle.cpp">
      <Filter>Source\External\MathGeoLib</Filter>
    </ClCompile>
    <ClCompile Include="Source\External\MathGeoLib\Geometry\Circle2D.cpp">
      <Filter>Source\External\MathGeoLib</Filter>
    </ClCompile>
    <ClCompile Include="Source\External\MathGeoLib\Geometry\Frustum.cpp">
      <Filter>Source\External\MathGeoLib</Filter>
    </ClCompile>
    <ClCompile Include="Source\External\MathGeoLib\Geometry\Line.cpp">
      <Filter>Source\External\MathGeoLib</Filter>
    </ClCompile>
    <ClCompile Include="Source\External\MathGeoLib\Geometry\LineSegment.cpp">
      <Filter>Source\External\MathGeoLib</Filter>
    </ClCompile>
    <ClCompile Include="Source\External\MathGeoLib\Geometry\LineSegment2D.cpp">
      <Filter>Source\External\MathGeoLib</Filter>
    </ClCompile>
    <ClCompile Include="Source\External\MathGeoLib\Geometry\OBB.cpp">
      <Filter>Source\External\MathGeoLib</Filter>
    </ClCompile>
    <ClCompile Include="Source\External\MathGeoLib\Geometry\PBVolume.cpp">
      <Filter>Source\External\MathGeoLib</Filter>
    </ClCompile>
    <ClCompile Include="Source\External\MathGeoLib\Geometry\Plane.cpp">
      <Filter>Source\External\MathGeoLib</Filter>
    </ClCompile>
    <ClCompile Include="Source\External\MathGeoLib\Geometry\Polygon.cpp">
      <Filter>Source\External\MathGeoLib</Filter>
    </ClCompile>
    <ClCompile Include="Source\External\MathGeoLib\Geometry\Polyhedron.cpp">
      <Filter>Source\External\MathGeoLib</Filter>
    </ClCompile>
    <ClCompile Include="Source\External\MathGeoLib\Geometry\Ray.cpp">
      <Filter>Source\External\MathGeoLib</Filter>
    </ClCompile>
    <ClCompile Include="Source\External\MathGeoLib\Geometry\Sphere.cpp">
      <Filter>Source\External\MathGeoLib</Filter>
    </ClCompile>
    <ClCompile Include="Source\External\MathGeoLib\Geometry\Triangle.cpp">
      <Filter>Source\External\MathGeoLib</Filter>
    </ClCompile>
    <ClCompile Include="Source\External\MathGeoLib\Geometry\Triangle2D.cpp">
      <Filter>Source\External\MathGeoLib</Filter>
    </ClCompile>
    <ClCompile Include="Source\External\MathGeoLib\Geometry\TriangleMesh.cpp">
      <Filter>Source\External\MathGeoLib</Filter>
    </ClCompile>
    <ClCompile Include="Source\External\MathGeoLib\Math\BitOps.cpp">
      <Filter>Source\External\MathGeoLib</Filter>
    </ClCompile>
    <ClCompile Include="Source\External\MathGeoLib\Math\Callstack.cpp">
      <Filter>Source\External\MathGeoLib</Filter>
    </ClCompile>
    <ClCompile Include="Source\External\MathGeoLib\Math\float2.cpp">
      <Filter>Source\External\MathGeoLib</Filter>
    </ClCompile>
    <ClCompile Include="Source\External\MathGeoLib\Math\float3.cpp">
      <Filter>Source\External\MathGeoLib</Filter>
    </ClCompile>
    <ClCompile Include="Source\External\MathGeoLib\Math\float3x3.cpp">
      <Filter>Source\External\MathGeoLib</Filter>
    </ClCompile>
    <ClCompile Include="Source\External\MathGeoLib\Math\float3x4.cpp">
      <Filter>Source\External\MathGeoLib</Filter>
    </ClCompile>
    <ClCompile Include="Source\External\MathGeoLib\Math\float4.cpp">
      <Filter>Source\External\MathGeoLib</Filter>
    </ClCompile>
    <ClCompile Include="Source\External\MathGeoLib\Math\float4d.cpp">
      <Filter>Source\External\MathGeoLib</Filter>
    </ClCompile>
    <ClCompile Include="Source\External\MathGeoLib\Math\float4x4.cpp">
      <Filter>Source\External\MathGeoLib</Filter>
    </ClCompile>
    <ClCompile Include="Source\External\MathGeoLib\Math\grisu3.c">
      <Filter>Source\External\MathGeoLib</Filter>
    </ClCompile>
    <ClCompile Include="Source\External\MathGeoLib\Math\grisu3_cpp.cpp">
      <Filter>Source\External\MathGeoLib</Filter>
    </ClCompile>
    <ClCompile Include="Source\External\MathGeoLib\Math\MathFunc.cpp">
      <Filter>Source\External\MathGeoLib</Filter>
    </ClCompile>
    <ClCompile Include="Source\External\MathGeoLib\Math\MathLog.cpp">
      <Filter>Source\External\MathGeoLib</Filter>
    </ClCompile>
    <ClCompile Include="Source\External\MathGeoLib\Math\MathOps.cpp">
      <Filter>Source\External\MathGeoLib</Filter>
    </ClCompile>
    <ClCompile Include="Source\External\MathGeoLib\Math\MiniFloat.cpp">
      <Filter>Source\External\MathGeoLib</Filter>
    </ClCompile>
    <ClCompile Include="Source\External\MathGeoLib\Math\Polynomial.cpp">
      <Filter>Source\External\MathGeoLib</Filter>
    </ClCompile>
    <ClCompile Include="Source\External\MathGeoLib\Math\Quat.cpp">
      <Filter>Source\External\MathGeoLib</Filter>
    </ClCompile>
    <ClCompile Include="Source\External\MathGeoLib\Math\SSEMath.cpp">
      <Filter>Source\External\MathGeoLib</Filter>
    </ClCompile>
    <ClCompile Include="Source\External\MathGeoLib\Math\TransformOps.cpp">
      <Filter>Source\External\MathGeoLib</Filter>
    </ClCompile>
    <ClCompile Include="Source\External\MathGeoLib\Time\Clock.cpp">
      <Filter>Source\External\MathGeoLib</Filter>
    </ClCompile>
    <ClCompile Include="Source\External\Imgui\imgui_impl_sdl.cpp">
      <Filter>Source\External\Imgui</Filter>
    </ClCompile>
    <ClCompile Include="Source\External\Imgui\imgui_tables.cpp">
      <Filter>Source\External\Imgui</Filter>
    </ClCompile>
    <ClCompile Include="Source\External\Imgui\imgui_widgets.cpp">
      <Filter>Source\External\Imgui</Filter>
    </ClCompile>
    <ClCompile Include="Source\External\Imgui\imgui.cpp">
      <Filter>Source\External\Imgui</Filter>
    </ClCompile>
    <ClCompile Include="Source\External\Imgui\imgui_demo.cpp">
      <Filter>Source\External\Imgui</Filter>
    </ClCompile>
    <ClCompile Include="Source\External\Imgui\imgui_draw.cpp">
      <Filter>Source\External\Imgui</Filter>
    </ClCompile>
    <ClCompile Include="Source\External\Imgui\imgui_impl_opengl3.cpp">
      <Filter>Source\External\Imgui</Filter>
    </ClCompile>
    <ClCompile Include="Source\External\Imgui\misc\cpp\imgui_stdlib.cpp">
      <Filter>Source\External\Imgui\misc</Filter>
    </ClCompile>
    <ClCompile Include="Source\External\JSON parson\JSON_Parsing.cpp">
      <Filter>Source\External\JSON</Filter>
    </ClCompile>
    <ClCompile Include="Source\External\JSON parson\parson.c">
      <Filter>Source\External\JSON</Filter>
    </ClCompile>
    <ClCompile Include="Source\EngineSystem.cpp">
      <Filter>Source</Filter>
    </ClCompile>
    <ClCompile Include="Source\Scene.cpp">
      <Filter>Source</Filter>
    </ClCompile>
    <ClCompile Include="Source\GOC_MeshRenderer.cpp">
      <Filter>Source\GameObject\Components</Filter>
    </ClCompile>
    <ClCompile Include="Source\GOC_Transform.cpp">
      <Filter>Source\GameObject\Components</Filter>
    </ClCompile>
    <ClCompile Include="Source\Mesh.cpp">
      <Filter>Source\Model Loading</Filter>
    </ClCompile>
    <ClCompile Include="Source\Shader.cpp">
      <Filter>Source\Graphics</Filter>
    </ClCompile>
    <ClCompile Include="Source\Model.cpp">
      <Filter>Source\Model Loading</Filter>
    </ClCompile>
    <ClCompile Include="Source\TextureLoader.cpp">
      <Filter>Source\Model Loading</Filter>
    </ClCompile>
    <ClCompile Include="Source\GOC_Texture.cpp">
      <Filter>Source\GameObject\Components</Filter>
    </ClCompile>
    <ClCompile Include="Source\AppData.cpp">
      <Filter>Source\UI</Filter>
    </ClCompile>
    <ClCompile Include="Source\Assets.cpp">
      <Filter>Source\UI</Filter>
    </ClCompile>
    <ClCompile Include="Source\Hierarchy.cpp">
      <Filter>Source\UI</Filter>
    </ClCompile>
    <ClCompile Include="Source\Inspector.cpp">
      <Filter>Source\UI</Filter>
    </ClCompile>
    <ClCompile Include="Source\Output.cpp">
      <Filter>Source\UI</Filter>
    </ClCompile>
    <ClCompile Include="Source\ProjectPreferences.cpp">
      <Filter>Source\UI</Filter>
    </ClCompile>
    <ClCompile Include="Source\UIFunctions.cpp">
      <Filter>Source\UI</Filter>
    </ClCompile>
    <ClCompile Include="Source\ModuleUI.cpp">
      <Filter>Source\UI</Filter>
    </ClCompile>
    <ClCompile Include="Source\GOC_Camera.cpp">
      <Filter>Source\GameObject\Components</Filter>
    </ClCompile>
    <ClCompile Include="Source\ModuleAudio.cpp">
      <Filter>Source\Modules</Filter>
    </ClCompile>
    <ClCompile Include="Source\ModuleCamera3D.cpp">
      <Filter>Source\Modules</Filter>
    </ClCompile>
    <ClCompile Include="Source\ModuleInput.cpp">
      <Filter>Source\Modules</Filter>
    </ClCompile>
    <ClCompile Include="Source\ModuleRenderer3D.cpp">
      <Filter>Source\Modules</Filter>
    </ClCompile>
    <ClCompile Include="Source\ModuleSceneIntro.cpp">
      <Filter>Source\Modules</Filter>
    </ClCompile>
    <ClCompile Include="Source\ModuleWindow.cpp">
      <Filter>Source\Modules</Filter>
    </ClCompile>
    <ClCompile Include="Source\GameObject.cpp">
      <Filter>Source\GameObject</Filter>
    </ClCompile>
    <ClCompile Include="Source\Color.cpp">
      <Filter>Source\Helpers</Filter>
    </ClCompile>
    <ClCompile Include="Source\Light.cpp">
      <Filter>Source\Helpers</Filter>
    </ClCompile>
    <ClCompile Include="Source\Primitive.cpp">
      <Filter>Source\Helpers</Filter>
    </ClCompile>
    <ClCompile Include="Source\glmath.cpp">
      <Filter>Source\Utils</Filter>
    </ClCompile>
    <ClCompile Include="Source\Timer.cpp">
      <Filter>Source\Utils</Filter>
    </ClCompile>
    <ClCompile Include="Source\Log.cpp">
      <Filter>Source\Utils</Filter>
    </ClCompile>
    <ClCompile Include="Source\PlayStop.cpp">
      <Filter>Source\UI</Filter>
    </ClCompile>
    <ClCompile Include="Source\ModulePhysics.cpp">
      <Filter>Source\Modules</Filter>
    </ClCompile>
  </ItemGroup>
  <ItemGroup>
    <ClInclude Include="Source\Application.h">
      <Filter>Source</Filter>
    </ClInclude>
    <ClInclude Include="Source\Globals.h">
      <Filter>Source</Filter>
    </ClInclude>
    <ClInclude Include="Source\External\MathGeoLib\Algorithm\GJK.h">
      <Filter>Source\External\MathGeoLib</Filter>
    </ClInclude>
    <ClInclude Include="Source\External\MathGeoLib\Algorithm\GJK2D.h">
      <Filter>Source\External\MathGeoLib</Filter>
    </ClInclude>
    <ClInclude Include="Source\External\MathGeoLib\Algorithm\Random\LCG.h">
      <Filter>Source\External\MathGeoLib</Filter>
    </ClInclude>
    <ClInclude Include="Source\External\MathGeoLib\Algorithm\SAT.h">
      <Filter>Source\External\MathGeoLib</Filter>
    </ClInclude>
    <ClInclude Include="Source\External\MathGeoLib\emscripten\library_system.h">
      <Filter>Source\External\MathGeoLib</Filter>
    </ClInclude>
    <ClInclude Include="Source\External\MathGeoLib\Geometry\AABB.h">
      <Filter>Source\External\MathGeoLib</Filter>
    </ClInclude>
    <ClInclude Include="Source\External\MathGeoLib\Geometry\AABB2D.h">
      <Filter>Source\External\MathGeoLib</Filter>
    </ClInclude>
    <ClInclude Include="Source\External\MathGeoLib\Geometry\Capsule.h">
      <Filter>Source\External\MathGeoLib</Filter>
    </ClInclude>
    <ClInclude Include="Source\External\MathGeoLib\Geometry\Circle.h">
      <Filter>Source\External\MathGeoLib</Filter>
    </ClInclude>
    <ClInclude Include="Source\External\MathGeoLib\Geometry\Circle2D.h">
      <Filter>Source\External\MathGeoLib</Filter>
    </ClInclude>
    <ClInclude Include="Source\External\MathGeoLib\Geometry\Frustum.h">
      <Filter>Source\External\MathGeoLib</Filter>
    </ClInclude>
    <ClInclude Include="Source\External\MathGeoLib\Geometry\GeometryAll.h">
      <Filter>Source\External\MathGeoLib</Filter>
    </ClInclude>
    <ClInclude Include="Source\External\MathGeoLib\Geometry\GeomType.h">
      <Filter>Source\External\MathGeoLib</Filter>
    </ClInclude>
    <ClInclude Include="Source\External\MathGeoLib\Geometry\HitInfo.h">
      <Filter>Source\External\MathGeoLib</Filter>
    </ClInclude>
    <ClInclude Include="Source\External\MathGeoLib\Geometry\KDTree.h">
      <Filter>Source\External\MathGeoLib</Filter>
    </ClInclude>
    <ClInclude Include="Source\External\MathGeoLib\Geometry\Line.h">
      <Filter>Source\External\MathGeoLib</Filter>
    </ClInclude>
    <ClInclude Include="Source\External\MathGeoLib\Geometry\LineSegment.h">
      <Filter>Source\External\MathGeoLib</Filter>
    </ClInclude>
    <ClInclude Include="Source\External\MathGeoLib\Geometry\LineSegment2D.h">
      <Filter>Source\External\MathGeoLib</Filter>
    </ClInclude>
    <ClInclude Include="Source\External\MathGeoLib\Geometry\OBB.h">
      <Filter>Source\External\MathGeoLib</Filter>
    </ClInclude>
    <ClInclude Include="Source\External\MathGeoLib\Geometry\OBB2D.h">
      <Filter>Source\External\MathGeoLib</Filter>
    </ClInclude>
    <ClInclude Include="Source\External\MathGeoLib\Geometry\PBVolume.h">
      <Filter>Source\External\MathGeoLib</Filter>
    </ClInclude>
    <ClInclude Include="Source\External\MathGeoLib\Geometry\Plane.h">
      <Filter>Source\External\MathGeoLib</Filter>
    </ClInclude>
    <ClInclude Include="Source\External\MathGeoLib\Geometry\Polygon.h">
      <Filter>Source\External\MathGeoLib</Filter>
    </ClInclude>
    <ClInclude Include="Source\External\MathGeoLib\Geometry\Polygon2DRef.h">
      <Filter>Source\External\MathGeoLib</Filter>
    </ClInclude>
    <ClInclude Include="Source\External\MathGeoLib\Geometry\Polyhedron.h">
      <Filter>Source\External\MathGeoLib</Filter>
    </ClInclude>
    <ClInclude Include="Source\External\MathGeoLib\Geometry\QuadTree.h">
      <Filter>Source\External\MathGeoLib</Filter>
    </ClInclude>
    <ClInclude Include="Source\External\MathGeoLib\Geometry\Ray.h">
      <Filter>Source\External\MathGeoLib</Filter>
    </ClInclude>
    <ClInclude Include="Source\External\MathGeoLib\Geometry\Sphere.h">
      <Filter>Source\External\MathGeoLib</Filter>
    </ClInclude>
    <ClInclude Include="Source\External\MathGeoLib\Geometry\Triangle.h">
      <Filter>Source\External\MathGeoLib</Filter>
    </ClInclude>
    <ClInclude Include="Source\External\MathGeoLib\Geometry\Triangle2D.h">
      <Filter>Source\External\MathGeoLib</Filter>
    </ClInclude>
    <ClInclude Include="Source\External\MathGeoLib\Geometry\TriangleMesh.h">
      <Filter>Source\External\MathGeoLib</Filter>
    </ClInclude>
    <ClInclude Include="Source\External\MathGeoLib\Math\assume.h">
      <Filter>Source\External\MathGeoLib</Filter>
    </ClInclude>
    <ClInclude Include="Source\External\MathGeoLib\Math\BitFuncs.h">
      <Filter>Source\External\MathGeoLib</Filter>
    </ClInclude>
    <ClInclude Include="Source\External\MathGeoLib\Math\BitOps.h">
      <Filter>Source\External\MathGeoLib</Filter>
    </ClInclude>
    <ClInclude Include="Source\External\MathGeoLib\Math\Callstack.h">
      <Filter>Source\External\MathGeoLib</Filter>
    </ClInclude>
    <ClInclude Include="Source\External\MathGeoLib\Math\FixedPoint.h">
      <Filter>Source\External\MathGeoLib</Filter>
    </ClInclude>
    <ClInclude Include="Source\External\MathGeoLib\Math\float2.h">
      <Filter>Source\External\MathGeoLib</Filter>
    </ClInclude>
    <ClInclude Include="Source\External\MathGeoLib\Math\float3.h">
      <Filter>Source\External\MathGeoLib</Filter>
    </ClInclude>
    <ClInclude Include="Source\External\MathGeoLib\Math\float3x3.h">
      <Filter>Source\External\MathGeoLib</Filter>
    </ClInclude>
    <ClInclude Include="Source\External\MathGeoLib\Math\float3x4.h">
      <Filter>Source\External\MathGeoLib</Filter>
    </ClInclude>
    <ClInclude Include="Source\External\MathGeoLib\Math\float4.h">
      <Filter>Source\External\MathGeoLib</Filter>
    </ClInclude>
    <ClInclude Include="Source\External\MathGeoLib\Math\float4d.h">
      <Filter>Source\External\MathGeoLib</Filter>
    </ClInclude>
    <ClInclude Include="Source\External\MathGeoLib\Math\float4x4.h">
      <Filter>Source\External\MathGeoLib</Filter>
    </ClInclude>
    <ClInclude Include="Source\External\MathGeoLib\Math\float4x4_neon.h">
      <Filter>Source\External\MathGeoLib</Filter>
    </ClInclude>
    <ClInclude Include="Source\External\MathGeoLib\Math\float4x4_sse.h">
      <Filter>Source\External\MathGeoLib</Filter>
    </ClInclude>
    <ClInclude Include="Source\External\MathGeoLib\Math\float4_neon.h">
      <Filter>Source\External\MathGeoLib</Filter>
    </ClInclude>
    <ClInclude Include="Source\External\MathGeoLib\Math\float4_sse.h">
      <Filter>Source\External\MathGeoLib</Filter>
    </ClInclude>
    <ClInclude Include="Source\External\MathGeoLib\Math\FloatCmp.h">
      <Filter>Source\External\MathGeoLib</Filter>
    </ClInclude>
    <ClInclude Include="Source\External\MathGeoLib\Math\grisu3.h">
      <Filter>Source\External\MathGeoLib</Filter>
    </ClInclude>
    <ClInclude Include="Source\External\MathGeoLib\Math\InclWindows.h">
      <Filter>Source\External\MathGeoLib</Filter>
    </ClInclude>
    <ClInclude Include="Source\External\MathGeoLib\Math\Interpolate.h">
      <Filter>Source\External\MathGeoLib</Filter>
    </ClInclude>
    <ClInclude Include="Source\External\MathGeoLib\Math\MathAll.h">
      <Filter>Source\External\MathGeoLib</Filter>
    </ClInclude>
    <ClInclude Include="Source\External\MathGeoLib\Math\MathConstants.h">
      <Filter>Source\External\MathGeoLib</Filter>
    </ClInclude>
    <ClInclude Include="Source\External\MathGeoLib\Math\MathFunc.h">
      <Filter>Source\External\MathGeoLib</Filter>
    </ClInclude>
    <ClInclude Include="Source\External\MathGeoLib\Math\MathLog.h">
      <Filter>Source\External\MathGeoLib</Filter>
    </ClInclude>
    <ClInclude Include="Source\External\MathGeoLib\Math\MathNamespace.h">
      <Filter>Source\External\MathGeoLib</Filter>
    </ClInclude>
    <ClInclude Include="Source\External\MathGeoLib\Math\MathTypes.h">
      <Filter>Source\External\MathGeoLib</Filter>
    </ClInclude>
    <ClInclude Include="Source\External\MathGeoLib\Math\MatrixProxy.h">
      <Filter>Source\External\MathGeoLib</Filter>
    </ClInclude>
    <ClInclude Include="Source\External\MathGeoLib\Math\MiniFloat.h">
      <Filter>Source\External\MathGeoLib</Filter>
    </ClInclude>
    <ClInclude Include="Source\External\MathGeoLib\Math\MultiLineMacro.h">
      <Filter>Source\External\MathGeoLib</Filter>
    </ClInclude>
    <ClInclude Include="Source\External\MathGeoLib\Math\myassert.h">
      <Filter>Source\External\MathGeoLib</Filter>
    </ClInclude>
    <ClInclude Include="Source\External\MathGeoLib\Math\Polynomial.h">
      <Filter>Source\External\MathGeoLib</Filter>
    </ClInclude>
    <ClInclude Include="Source\External\MathGeoLib\Math\Quat.h">
      <Filter>Source\External\MathGeoLib</Filter>
    </ClInclude>
    <ClInclude Include="Source\External\MathGeoLib\Math\quat_simd.h">
      <Filter>Source\External\MathGeoLib</Filter>
    </ClInclude>
    <ClInclude Include="Source\External\MathGeoLib\Math\Rect.h">
      <Filter>Source\External\MathGeoLib</Filter>
    </ClInclude>
    <ClInclude Include="Source\External\MathGeoLib\Math\Reinterpret.h">
      <Filter>Source\External\MathGeoLib</Filter>
    </ClInclude>
    <ClInclude Include="Source\External\MathGeoLib\Math\simd.h">
      <Filter>Source\External\MathGeoLib</Filter>
    </ClInclude>
    <ClInclude Include="Source\External\MathGeoLib\Math\SSEMath.h">
      <Filter>Source\External\MathGeoLib</Filter>
    </ClInclude>
    <ClInclude Include="Source\External\MathGeoLib\Math\sse_mathfun.h">
      <Filter>Source\External\MathGeoLib</Filter>
    </ClInclude>
    <ClInclude Include="Source\External\MathGeoLib\Math\Swap.h">
      <Filter>Source\External\MathGeoLib</Filter>
    </ClInclude>
    <ClInclude Include="Source\External\MathGeoLib\Math\TransformOps.h">
      <Filter>Source\External\MathGeoLib</Filter>
    </ClInclude>
    <ClInclude Include="Source\External\MathGeoLib\Math\vec2d.h">
      <Filter>Source\External\MathGeoLib</Filter>
    </ClInclude>
    <ClInclude Include="Source\External\MathGeoLib\MathBuildConfig.h">
      <Filter>Source\External\MathGeoLib</Filter>
    </ClInclude>
    <ClInclude Include="Source\External\MathGeoLib\MathGeoLib.h">
      <Filter>Source\External\MathGeoLib</Filter>
    </ClInclude>
    <ClInclude Include="Source\External\MathGeoLib\MathGeoLibFwd.h">
      <Filter>Source\External\MathGeoLib</Filter>
    </ClInclude>
    <ClInclude Include="Source\External\MathGeoLib\Time\Clock.h">
      <Filter>Source\External\MathGeoLib</Filter>
    </ClInclude>
    <ClInclude Include="Source\External\Imgui\imgui_impl_opengl3.h">
      <Filter>Source\External\Imgui</Filter>
    </ClInclude>
    <ClInclude Include="Source\External\Imgui\imgui_impl_opengl3_loader.h">
      <Filter>Source\External\Imgui</Filter>
    </ClInclude>
    <ClInclude Include="Source\External\Imgui\imgui_impl_sdl.h">
      <Filter>Source\External\Imgui</Filter>
    </ClInclude>
    <ClInclude Include="Source\External\Imgui\imgui_internal.h">
      <Filter>Source\External\Imgui</Filter>
    </ClInclude>
    <ClInclude Include="Source\External\Imgui\imstb_rectpack.h">
      <Filter>Source\External\Imgui</Filter>
    </ClInclude>
    <ClInclude Include="Source\External\Imgui\imstb_textedit.h">
      <Filter>Source\External\Imgui</Filter>
    </ClInclude>
    <ClInclude Include="Source\External\Imgui\imstb_truetype.h">
      <Filter>Source\External\Imgui</Filter>
    </ClInclude>
    <ClInclude Include="Source\External\Imgui\imconfig.h">
      <Filter>Source\External\Imgui</Filter>
    </ClInclude>
    <ClInclude Include="Source\External\Imgui\imgui.h">
      <Filter>Source\External\Imgui</Filter>
    </ClInclude>
    <ClInclude Include="Source\External\Imgui\misc\cpp\imgui_stdlib.h">
      <Filter>Source\External\Imgui\misc</Filter>
    </ClInclude>
    <ClInclude Include="Source\External\JSON parson\JSON_Parsing.h">
      <Filter>Source\External\JSON</Filter>
    </ClInclude>
    <ClInclude Include="Source\External\JSON parson\parson.h">
      <Filter>Source\External\JSON</Filter>
    </ClInclude>
    <ClInclude Include="Source\Scene.h">
      <Filter>Source</Filter>
    </ClInclude>
    <ClInclude Include="Source\EngineSystem.h">
      <Filter>Source</Filter>
    </ClInclude>
    <ClInclude Include="Source\GameObjComponent.h">
      <Filter>Source\GameObject\Components</Filter>
    </ClInclude>
    <ClInclude Include="Source\GOC_MeshRenderer.h">
      <Filter>Source\GameObject\Components</Filter>
    </ClInclude>
    <ClInclude Include="Source\GOC_Transform.h">
      <Filter>Source\GameObject\Components</Filter>
    </ClInclude>
    <ClInclude Include="Source\Mesh.h">
      <Filter>Source\Model Loading</Filter>
    </ClInclude>
    <ClInclude Include="Source\Shader.h">
      <Filter>Source\Graphics</Filter>
    </ClInclude>
    <ClInclude Include="Source\Model.h">
      <Filter>Source\Model Loading</Filter>
    </ClInclude>
    <ClInclude Include="Source\TextureLoader.h">
      <Filter>Source\Model Loading</Filter>
    </ClInclude>
    <ClInclude Include="Source\GOC_Texture.h">
      <Filter>Source\GameObject\Components</Filter>
    </ClInclude>
    <ClInclude Include="Source\Texture.h">
      <Filter>Source\Graphics</Filter>
    </ClInclude>
    <ClInclude Include="Source\AppData.h">
      <Filter>Source\UI</Filter>
    </ClInclude>
    <ClInclude Include="Source\Assets.h">
      <Filter>Source\UI</Filter>
    </ClInclude>
    <ClInclude Include="Source\Hierarchy.h">
      <Filter>Source\UI</Filter>
    </ClInclude>
    <ClInclude Include="Source\Inspector.h">
      <Filter>Source\UI</Filter>
    </ClInclude>
    <ClInclude Include="Source\Output.h">
      <Filter>Source\UI</Filter>
    </ClInclude>
    <ClInclude Include="Source\ProjectPreferences.h">
      <Filter>Source\UI</Filter>
    </ClInclude>
    <ClInclude Include="Source\UIFunctions.h">
      <Filter>Source\UI</Filter>
    </ClInclude>
    <ClInclude Include="Source\ModuleUI.h">
      <Filter>Source\UI</Filter>
    </ClInclude>
    <ClInclude Include="Source\GOC_Camera.h">
      <Filter>Source\GameObject\Components</Filter>
    </ClInclude>
    <ClInclude Include="Source\Module.h">
      <Filter>Source\Modules</Filter>
    </ClInclude>
    <ClInclude Include="Source\ModuleAudio.h">
      <Filter>Source\Modules</Filter>
    </ClInclude>
    <ClInclude Include="Source\ModuleCamera3D.h">
      <Filter>Source\Modules</Filter>
    </ClInclude>
    <ClInclude Include="Source\ModuleInput.h">
      <Filter>Source\Modules</Filter>
    </ClInclude>
    <ClInclude Include="Source\ModuleRenderer3D.h">
      <Filter>Source\Modules</Filter>
    </ClInclude>
    <ClInclude Include="Source\ModuleSceneIntro.h">
      <Filter>Source\Modules</Filter>
    </ClInclude>
    <ClInclude Include="Source\ModuleWindow.h">
      <Filter>Source\Modules</Filter>
    </ClInclude>
    <ClInclude Include="Source\GameObject.h">
      <Filter>Source\GameObject</Filter>
    </ClInclude>
    <ClInclude Include="Source\Color.h">
      <Filter>Source\Helpers</Filter>
    </ClInclude>
    <ClInclude Include="Source\Light.h">
      <Filter>Source\Helpers</Filter>
    </ClInclude>
    <ClInclude Include="Source\Primitive.h">
      <Filter>Source\Helpers</Filter>
    </ClInclude>
    <ClInclude Include="Source\glmath.h">
      <Filter>Source\Utils</Filter>
    </ClInclude>
    <ClInclude Include="Source\Timer.h">
      <Filter>Source\Utils</Filter>
    </ClInclude>
    <ClInclude Include="Source\Log.h">
      <Filter>Source\Utils</Filter>
    </ClInclude>
    <ClInclude Include="Source\PlayStop.h">
      <Filter>Source\UI</Filter>
    </ClInclude>
    <ClInclude Include="Source\ModulePhysics.h">
      <Filter>Source\Modules</Filter>
    </ClInclude>
    <ClInclude Include="Source\External\Bullet\include\LinearMath\btAabbUtil2.h">
      <Filter>Source\External\Bullet</Filter>
    </ClInclude>
    <ClInclude Include="Source\External\Bullet\include\LinearMath\btAlignedAllocator.h">
      <Filter>Source\External\Bullet</Filter>
    </ClInclude>
    <ClInclude Include="Source\External\Bullet\include\LinearMath\btAlignedObjectArray.h">
      <Filter>Source\External\Bullet</Filter>
    </ClInclude>
    <ClInclude Include="Source\External\Bullet\include\LinearMath\btConvexHull.h">
      <Filter>Source\External\Bullet</Filter>
    </ClInclude>
    <ClInclude Include="Source\External\Bullet\include\LinearMath\btConvexHullComputer.h">
      <Filter>Source\External\Bullet</Filter>
    </ClInclude>
    <ClInclude Include="Source\External\Bullet\include\LinearMath\btCpuFeatureUtility.h">
      <Filter>Source\External\Bullet</Filter>
    </ClInclude>
    <ClInclude Include="Source\External\Bullet\include\LinearMath\btDefaultMotionState.h">
      <Filter>Source\External\Bullet</Filter>
    </ClInclude>
    <ClInclude Include="Source\External\Bullet\include\LinearMath\btGeometryUtil.h">
      <Filter>Source\External\Bullet</Filter>
    </ClInclude>
    <ClInclude Include="Source\External\Bullet\include\LinearMath\btGrahamScan2dConvexHull.h">
      <Filter>Source\External\Bullet</Filter>
    </ClInclude>
    <ClInclude Include="Source\External\Bullet\include\LinearMath\btHashMap.h">
      <Filter>Source\External\Bullet</Filter>
    </ClInclude>
    <ClInclude Include="Source\External\Bullet\include\LinearMath\btIDebugDraw.h">
      <Filter>Source\External\Bullet</Filter>
    </ClInclude>
    <ClInclude Include="Source\External\Bullet\include\LinearMath\btList.h">
      <Filter>Source\External\Bullet</Filter>
    </ClInclude>
    <ClInclude Include="Source\External\Bullet\include\LinearMath\btMatrix3x3.h">
      <Filter>Source\External\Bullet</Filter>
    </ClInclude>
    <ClInclude Include="Source\External\Bullet\include\LinearMath\btMatrixX.h">
      <Filter>Source\External\Bullet</Filter>
    </ClInclude>
    <ClInclude Include="Source\External\Bullet\include\LinearMath\btMinMax.h">
      <Filter>Source\External\Bullet</Filter>
    </ClInclude>
    <ClInclude Include="Source\External\Bullet\include\LinearMath\btMotionState.h">
      <Filter>Source\External\Bullet</Filter>
    </ClInclude>
    <ClInclude Include="Source\External\Bullet\include\LinearMath\btPolarDecomposition.h">
      <Filter>Source\External\Bullet</Filter>
    </ClInclude>
    <ClInclude Include="Source\External\Bullet\include\LinearMath\btPoolAllocator.h">
      <Filter>Source\External\Bullet</Filter>
    </ClInclude>
    <ClInclude Include="Source\External\Bullet\include\LinearMath\btQuadWord.h">
      <Filter>Source\External\Bullet</Filter>
    </ClInclude>
    <ClInclude Include="Source\External\Bullet\include\LinearMath\btQuaternion.h">
      <Filter>Source\External\Bullet</Filter>
    </ClInclude>
    <ClInclude Include="Source\External\Bullet\include\LinearMath\btQuickprof.h">
      <Filter>Source\External\Bullet</Filter>
    </ClInclude>
    <ClInclude Include="Source\External\Bullet\include\LinearMath\btRandom.h">
      <Filter>Source\External\Bullet</Filter>
    </ClInclude>
    <ClInclude Include="Source\External\Bullet\include\LinearMath\btScalar.h">
      <Filter>Source\External\Bullet</Filter>
    </ClInclude>
    <ClInclude Include="Source\External\Bullet\include\LinearMath\btSerializer.h">
      <Filter>Source\External\Bullet</Filter>
    </ClInclude>
    <ClInclude Include="Source\External\Bullet\include\LinearMath\btSpatialAlgebra.h">
      <Filter>Source\External\Bullet</Filter>
    </ClInclude>
    <ClInclude Include="Source\External\Bullet\include\LinearMath\btStackAlloc.h">
      <Filter>Source\External\Bullet</Filter>
    </ClInclude>
    <ClInclude Include="Source\External\Bullet\include\LinearMath\btTransform.h">
      <Filter>Source\External\Bullet</Filter>
    </ClInclude>
    <ClInclude Include="Source\External\Bullet\include\LinearMath\btTransformUtil.h">
      <Filter>Source\External\Bullet</Filter>
    </ClInclude>
    <ClInclude Include="Source\External\Bullet\include\LinearMath\btVector3.h">
      <Filter>Source\External\Bullet</Filter>
    </ClInclude>
    <ClInclude Include="Source\External\Bullet\include\btBulletCollisionCommon.h">
      <Filter>Source\External\Bullet</Filter>
    </ClInclude>
    <ClInclude Include="Source\External\Bullet\include\btBulletDynamicsCommon.h">
      <Filter>Source\External\Bullet</Filter>
    </ClInclude>
    <ClInclude Include="Source\External\Bullet\include\BulletCollision\BroadphaseCollision\btAxisSweep3.h">
      <Filter>Source\External\Bullet</Filter>
    </ClInclude>
    <ClInclude Include="Source\External\Bullet\include\BulletCollision\BroadphaseCollision\btBroadphaseInterface.h">
      <Filter>Source\External\Bullet</Filter>
    </ClInclude>
    <ClInclude Include="Source\External\Bullet\include\BulletCollision\BroadphaseCollision\btBroadphaseProxy.h">
      <Filter>Source\External\Bullet</Filter>
    </ClInclude>
    <ClInclude Include="Source\External\Bullet\include\BulletCollision\BroadphaseCollision\btCollisionAlgorithm.h">
      <Filter>Source\External\Bullet</Filter>
    </ClInclude>
    <ClInclude Include="Source\External\Bullet\include\BulletCollision\BroadphaseCollision\btDbvt.h">
      <Filter>Source\External\Bullet</Filter>
    </ClInclude>
    <ClInclude Include="Source\External\Bullet\include\BulletCollision\BroadphaseCollision\btDbvtBroadphase.h">
      <Filter>Source\External\Bullet</Filter>
    </ClInclude>
    <ClInclude Include="Source\External\Bullet\include\BulletCollision\BroadphaseCollision\btDispatcher.h">
      <Filter>Source\External\Bullet</Filter>
    </ClInclude>
    <ClInclude Include="Source\External\Bullet\include\BulletCollision\BroadphaseCollision\btMultiSapBroadphase.h">
      <Filter>Source\External\Bullet</Filter>
    </ClInclude>
    <ClInclude Include="Source\External\Bullet\include\BulletCollision\BroadphaseCollision\btOverlappingPairCache.h">
      <Filter>Source\External\Bullet</Filter>
    </ClInclude>
    <ClInclude Include="Source\External\Bullet\include\BulletCollision\BroadphaseCollision\btOverlappingPairCallback.h">
      <Filter>Source\External\Bullet</Filter>
    </ClInclude>
    <ClInclude Include="Source\External\Bullet\include\BulletCollision\BroadphaseCollision\btQuantizedBvh.h">
      <Filter>Source\External\Bullet</Filter>
    </ClInclude>
    <ClInclude Include="Source\External\Bullet\include\BulletCollision\BroadphaseCollision\btSimpleBroadphase.h">
      <Filter>Source\External\Bullet</Filter>
    </ClInclude>
    <ClInclude Include="Source\External\Bullet\include\BulletCollision\CollisionDispatch\btActivatingCollisionAlgorithm.h">
      <Filter>Source\External\Bullet</Filter>
    </ClInclude>
    <ClInclude Include="Source\External\Bullet\include\BulletCollision\CollisionDispatch\btBox2dBox2dCollisionAlgorithm.h">
      <Filter>Source\External\Bullet</Filter>
    </ClInclude>
    <ClInclude Include="Source\External\Bullet\include\BulletCollision\CollisionDispatch\btBoxBoxCollisionAlgorithm.h">
      <Filter>Source\External\Bullet</Filter>
    </ClInclude>
    <ClInclude Include="Source\External\Bullet\include\BulletCollision\CollisionDispatch\btBoxBoxDetector.h">
      <Filter>Source\External\Bullet</Filter>
    </ClInclude>
    <ClInclude Include="Source\External\Bullet\include\BulletCollision\CollisionDispatch\btCollisionConfiguration.h">
      <Filter>Source\External\Bullet</Filter>
    </ClInclude>
    <ClInclude Include="Source\External\Bullet\include\BulletCollision\CollisionDispatch\btCollisionCreateFunc.h">
      <Filter>Source\External\Bullet</Filter>
    </ClInclude>
    <ClInclude Include="Source\External\Bullet\include\BulletCollision\CollisionDispatch\btCollisionDispatcher.h">
      <Filter>Source\External\Bullet</Filter>
    </ClInclude>
    <ClInclude Include="Source\External\Bullet\include\BulletCollision\CollisionDispatch\btCollisionObject.h">
      <Filter>Source\External\Bullet</Filter>
    </ClInclude>
    <ClInclude Include="Source\External\Bullet\include\BulletCollision\CollisionDispatch\btCollisionObjectWrapper.h">
      <Filter>Source\External\Bullet</Filter>
    </ClInclude>
    <ClInclude Include="Source\External\Bullet\include\BulletCollision\CollisionDispatch\btCollisionWorld.h">
      <Filter>Source\External\Bullet</Filter>
    </ClInclude>
    <ClInclude Include="Source\External\Bullet\include\BulletCollision\CollisionDispatch\btCollisionWorldImporter.h">
      <Filter>Source\External\Bullet</Filter>
    </ClInclude>
    <ClInclude Include="Source\External\Bullet\include\BulletCollision\CollisionDispatch\btCompoundCollisionAlgorithm.h">
      <Filter>Source\External\Bullet</Filter>
    </ClInclude>
    <ClInclude Include="Source\External\Bullet\include\BulletCollision\CollisionDispatch\btCompoundCompoundCollisionAlgorithm.h">
      <Filter>Source\External\Bullet</Filter>
    </ClInclude>
    <ClInclude Include="Source\External\Bullet\include\BulletCollision\CollisionDispatch\btConvex2dConvex2dAlgorithm.h">
      <Filter>Source\External\Bullet</Filter>
    </ClInclude>
    <ClInclude Include="Source\External\Bullet\include\BulletCollision\CollisionDispatch\btConvexConcaveCollisionAlgorithm.h">
      <Filter>Source\External\Bullet</Filter>
    </ClInclude>
    <ClInclude Include="Source\External\Bullet\include\BulletCollision\CollisionDispatch\btConvexConvexAlgorithm.h">
      <Filter>Source\External\Bullet</Filter>
    </ClInclude>
    <ClInclude Include="Source\External\Bullet\include\BulletCollision\CollisionDispatch\btConvexPlaneCollisionAlgorithm.h">
      <Filter>Source\External\Bullet</Filter>
    </ClInclude>
    <ClInclude Include="Source\External\Bullet\include\BulletCollision\CollisionDispatch\btDefaultCollisionConfiguration.h">
      <Filter>Source\External\Bullet</Filter>
    </ClInclude>
    <ClInclude Include="Source\External\Bullet\include\BulletCollision\CollisionDispatch\btEmptyCollisionAlgorithm.h">
      <Filter>Source\External\Bullet</Filter>
    </ClInclude>
    <ClInclude Include="Source\External\Bullet\include\BulletCollision\CollisionDispatch\btGhostObject.h">
      <Filter>Source\External\Bullet</Filter>
    </ClInclude>
    <ClInclude Include="Source\External\Bullet\include\BulletCollision\CollisionDispatch\btHashedSimplePairCache.h">
      <Filter>Source\External\Bullet</Filter>
    </ClInclude>
    <ClInclude Include="Source\External\Bullet\include\BulletCollision\CollisionDispatch\btInternalEdgeUtility.h">
      <Filter>Source\External\Bullet</Filter>
    </ClInclude>
    <ClInclude Include="Source\External\Bullet\include\BulletCollision\CollisionDispatch\btManifoldResult.h">
      <Filter>Source\External\Bullet</Filter>
    </ClInclude>
    <ClInclude Include="Source\External\Bullet\include\BulletCollision\CollisionDispatch\btSimulationIslandManager.h">
      <Filter>Source\External\Bullet</Filter>
    </ClInclude>
    <ClInclude Include="Source\External\Bullet\include\BulletCollision\CollisionDispatch\btSphereBoxCollisionAlgorithm.h">
      <Filter>Source\External\Bullet</Filter>
    </ClInclude>
    <ClInclude Include="Source\External\Bullet\include\BulletCollision\CollisionDispatch\btSphereSphereCollisionAlgorithm.h">
      <Filter>Source\External\Bullet</Filter>
    </ClInclude>
    <ClInclude Include="Source\External\Bullet\include\BulletCollision\CollisionDispatch\btSphereTriangleCollisionAlgorithm.h">
      <Filter>Source\External\Bullet</Filter>
    </ClInclude>
    <ClInclude Include="Source\External\Bullet\include\BulletCollision\CollisionDispatch\btUnionFind.h">
      <Filter>Source\External\Bullet</Filter>
    </ClInclude>
    <ClInclude Include="Source\External\Bullet\include\BulletCollision\CollisionDispatch\SphereTriangleDetector.h">
      <Filter>Source\External\Bullet</Filter>
    </ClInclude>
    <ClInclude Include="Source\External\Bullet\include\BulletCollision\CollisionShapes\btBox2dShape.h">
      <Filter>Source\External\Bullet</Filter>
    </ClInclude>
    <ClInclude Include="Source\External\Bullet\include\BulletCollision\CollisionShapes\btBoxShape.h">
      <Filter>Source\External\Bullet</Filter>
    </ClInclude>
    <ClInclude Include="Source\External\Bullet\include\BulletCollision\CollisionShapes\btBvhTriangleMeshShape.h">
      <Filter>Source\External\Bullet</Filter>
    </ClInclude>
    <ClInclude Include="Source\External\Bullet\include\BulletCollision\CollisionShapes\btCapsuleShape.h">
      <Filter>Source\External\Bullet</Filter>
    </ClInclude>
    <ClInclude Include="Source\External\Bullet\include\BulletCollision\CollisionShapes\btCollisionMargin.h">
      <Filter>Source\External\Bullet</Filter>
    </ClInclude>
    <ClInclude Include="Source\External\Bullet\include\BulletCollision\CollisionShapes\btCollisionShape.h">
      <Filter>Source\External\Bullet</Filter>
    </ClInclude>
    <ClInclude Include="Source\External\Bullet\include\BulletCollision\CollisionShapes\btCompoundShape.h">
      <Filter>Source\External\Bullet</Filter>
    </ClInclude>
    <ClInclude Include="Source\External\Bullet\include\BulletCollision\CollisionShapes\btConcaveShape.h">
      <Filter>Source\External\Bullet</Filter>
    </ClInclude>
    <ClInclude Include="Source\External\Bullet\include\BulletCollision\CollisionShapes\btConeShape.h">
      <Filter>Source\External\Bullet</Filter>
    </ClInclude>
    <ClInclude Include="Source\External\Bullet\include\BulletCollision\CollisionShapes\btConvex2dShape.h">
      <Filter>Source\External\Bullet</Filter>
    </ClInclude>
    <ClInclude Include="Source\External\Bullet\include\BulletCollision\CollisionShapes\btConvexHullShape.h">
      <Filter>Source\External\Bullet</Filter>
    </ClInclude>
    <ClInclude Include="Source\External\Bullet\include\BulletCollision\CollisionShapes\btConvexInternalShape.h">
      <Filter>Source\External\Bullet</Filter>
    </ClInclude>
    <ClInclude Include="Source\External\Bullet\include\BulletCollision\CollisionShapes\btConvexPointCloudShape.h">
      <Filter>Source\External\Bullet</Filter>
    </ClInclude>
    <ClInclude Include="Source\External\Bullet\include\BulletCollision\CollisionShapes\btConvexPolyhedron.h">
      <Filter>Source\External\Bullet</Filter>
    </ClInclude>
    <ClInclude Include="Source\External\Bullet\include\BulletCollision\CollisionShapes\btConvexShape.h">
      <Filter>Source\External\Bullet</Filter>
    </ClInclude>
    <ClInclude Include="Source\External\Bullet\include\BulletCollision\CollisionShapes\btConvexTriangleMeshShape.h">
      <Filter>Source\External\Bullet</Filter>
    </ClInclude>
    <ClInclude Include="Source\External\Bullet\include\BulletCollision\CollisionShapes\btCylinderShape.h">
      <Filter>Source\External\Bullet</Filter>
    </ClInclude>
    <ClInclude Include="Source\External\Bullet\include\BulletCollision\CollisionShapes\btEmptyShape.h">
      <Filter>Source\External\Bullet</Filter>
    </ClInclude>
    <ClInclude Include="Source\External\Bullet\include\BulletCollision\CollisionShapes\btHeightfieldTerrainShape.h">
      <Filter>Source\External\Bullet</Filter>
    </ClInclude>
    <ClInclude Include="Source\External\Bullet\include\BulletCollision\CollisionShapes\btMaterial.h">
      <Filter>Source\External\Bullet</Filter>
    </ClInclude>
    <ClInclude Include="Source\External\Bullet\include\BulletCollision\CollisionShapes\btMinkowskiSumShape.h">
      <Filter>Source\External\Bullet</Filter>
    </ClInclude>
    <ClInclude Include="Source\External\Bullet\include\BulletCollision\CollisionShapes\btMultimaterialTriangleMeshShape.h">
      <Filter>Source\External\Bullet</Filter>
    </ClInclude>
    <ClInclude Include="Source\External\Bullet\include\BulletCollision\CollisionShapes\btMultiSphereShape.h">
      <Filter>Source\External\Bullet</Filter>
    </ClInclude>
    <ClInclude Include="Source\External\Bullet\include\BulletCollision\CollisionShapes\btOptimizedBvh.h">
      <Filter>Source\External\Bullet</Filter>
    </ClInclude>
    <ClInclude Include="Source\External\Bullet\include\BulletCollision\CollisionShapes\btPolyhedralConvexShape.h">
      <Filter>Source\External\Bullet</Filter>
    </ClInclude>
    <ClInclude Include="Source\External\Bullet\include\BulletCollision\CollisionShapes\btScaledBvhTriangleMeshShape.h">
      <Filter>Source\External\Bullet</Filter>
    </ClInclude>
    <ClInclude Include="Source\External\Bullet\include\BulletCollision\CollisionShapes\btShapeHull.h">
      <Filter>Source\External\Bullet</Filter>
    </ClInclude>
    <ClInclude Include="Source\External\Bullet\include\BulletCollision\CollisionShapes\btSphereShape.h">
      <Filter>Source\External\Bullet</Filter>
    </ClInclude>
    <ClInclude Include="Source\External\Bullet\include\BulletCollision\CollisionShapes\btStaticPlaneShape.h">
      <Filter>Source\External\Bullet</Filter>
    </ClInclude>
    <ClInclude Include="Source\External\Bullet\include\BulletCollision\CollisionShapes\btStridingMeshInterface.h">
      <Filter>Source\External\Bullet</Filter>
    </ClInclude>
    <ClInclude Include="Source\External\Bullet\include\BulletCollision\CollisionShapes\btTetrahedronShape.h">
      <Filter>Source\External\Bullet</Filter>
    </ClInclude>
    <ClInclude Include="Source\External\Bullet\include\BulletCollision\CollisionShapes\btTriangleBuffer.h">
      <Filter>Source\External\Bullet</Filter>
    </ClInclude>
    <ClInclude Include="Source\External\Bullet\include\BulletCollision\CollisionShapes\btTriangleCallback.h">
      <Filter>Source\External\Bullet</Filter>
    </ClInclude>
    <ClInclude Include="Source\External\Bullet\include\BulletCollision\CollisionShapes\btTriangleIndexVertexArray.h">
      <Filter>Source\External\Bullet</Filter>
    </ClInclude>
    <ClInclude Include="Source\External\Bullet\include\BulletCollision\CollisionShapes\btTriangleIndexVertexMaterialArray.h">
      <Filter>Source\External\Bullet</Filter>
    </ClInclude>
    <ClInclude Include="Source\External\Bullet\include\BulletCollision\CollisionShapes\btTriangleInfoMap.h">
      <Filter>Source\External\Bullet</Filter>
    </ClInclude>
    <ClInclude Include="Source\External\Bullet\include\BulletCollision\CollisionShapes\btTriangleMesh.h">
      <Filter>Source\External\Bullet</Filter>
    </ClInclude>
    <ClInclude Include="Source\External\Bullet\include\BulletCollision\CollisionShapes\btTriangleMeshShape.h">
      <Filter>Source\External\Bullet</Filter>
    </ClInclude>
    <ClInclude Include="Source\External\Bullet\include\BulletCollision\CollisionShapes\btTriangleShape.h">
      <Filter>Source\External\Bullet</Filter>
    </ClInclude>
    <ClInclude Include="Source\External\Bullet\include\BulletCollision\CollisionShapes\btUniformScalingShape.h">
      <Filter>Source\External\Bullet</Filter>
    </ClInclude>
    <ClInclude Include="Source\External\Bullet\include\BulletCollision\Gimpact\btBoxCollision.h">
      <Filter>Source\External\Bullet</Filter>
    </ClInclude>
    <ClInclude Include="Source\External\Bullet\include\BulletCollision\Gimpact\btClipPolygon.h">
      <Filter>Source\External\Bullet</Filter>
    </ClInclude>
    <ClInclude Include="Source\External\Bullet\include\BulletCollision\Gimpact\btCompoundFromGimpact.h">
      <Filter>Source\External\Bullet</Filter>
    </ClInclude>
    <ClInclude Include="Source\External\Bullet\include\BulletCollision\Gimpact\btContactProcessing.h">
      <Filter>Source\External\Bullet</Filter>
    </ClInclude>
    <ClInclude Include="Source\External\Bullet\include\BulletCollision\Gimpact\btGenericPoolAllocator.h">
      <Filter>Source\External\Bullet</Filter>
    </ClInclude>
    <ClInclude Include="Source\External\Bullet\include\BulletCollision\Gimpact\btGeometryOperations.h">
      <Filter>Source\External\Bullet</Filter>
    </ClInclude>
    <ClInclude Include="Source\External\Bullet\include\BulletCollision\Gimpact\btGImpactBvh.h">
      <Filter>Source\External\Bullet</Filter>
    </ClInclude>
    <ClInclude Include="Source\External\Bullet\include\BulletCollision\Gimpact\btGImpactCollisionAlgorithm.h">
      <Filter>Source\External\Bullet</Filter>
    </ClInclude>
    <ClInclude Include="Source\External\Bullet\include\BulletCollision\Gimpact\btGImpactMassUtil.h">
      <Filter>Source\External\Bullet</Filter>
    </ClInclude>
    <ClInclude Include="Source\External\Bullet\include\BulletCollision\Gimpact\btGImpactQuantizedBvh.h">
      <Filter>Source\External\Bullet</Filter>
    </ClInclude>
    <ClInclude Include="Source\External\Bullet\include\BulletCollision\Gimpact\btGImpactShape.h">
      <Filter>Source\External\Bullet</Filter>
    </ClInclude>
    <ClInclude Include="Source\External\Bullet\include\BulletCollision\Gimpact\btQuantization.h">
      <Filter>Source\External\Bullet</Filter>
    </ClInclude>
    <ClInclude Include="Source\External\Bullet\include\BulletCollision\Gimpact\btTriangleShapeEx.h">
      <Filter>Source\External\Bullet</Filter>
    </ClInclude>
    <ClInclude Include="Source\External\Bullet\include\BulletCollision\Gimpact\gim_array.h">
      <Filter>Source\External\Bullet</Filter>
    </ClInclude>
    <ClInclude Include="Source\External\Bullet\include\BulletCollision\Gimpact\gim_basic_geometry_operations.h">
      <Filter>Source\External\Bullet</Filter>
    </ClInclude>
    <ClInclude Include="Source\External\Bullet\include\BulletCollision\Gimpact\gim_bitset.h">
      <Filter>Source\External\Bullet</Filter>
    </ClInclude>
    <ClInclude Include="Source\External\Bullet\include\BulletCollision\Gimpact\gim_box_collision.h">
      <Filter>Source\External\Bullet</Filter>
    </ClInclude>
    <ClInclude Include="Source\External\Bullet\include\BulletCollision\Gimpact\gim_box_set.h">
      <Filter>Source\External\Bullet</Filter>
    </ClInclude>
    <ClInclude Include="Source\External\Bullet\include\BulletCollision\Gimpact\gim_clip_polygon.h">
      <Filter>Source\External\Bullet</Filter>
    </ClInclude>
    <ClInclude Include="Source\External\Bullet\include\BulletCollision\Gimpact\gim_contact.h">
      <Filter>Source\External\Bullet</Filter>
    </ClInclude>
    <ClInclude Include="Source\External\Bullet\include\BulletCollision\Gimpact\gim_geometry.h">
      <Filter>Source\External\Bullet</Filter>
    </ClInclude>
    <ClInclude Include="Source\External\Bullet\include\BulletCollision\Gimpact\gim_geom_types.h">
      <Filter>Source\External\Bullet</Filter>
    </ClInclude>
    <ClInclude Include="Source\External\Bullet\include\BulletCollision\Gimpact\gim_hash_table.h">
      <Filter>Source\External\Bullet</Filter>
    </ClInclude>
    <ClInclude Include="Source\External\Bullet\include\BulletCollision\Gimpact\gim_linear_math.h">
      <Filter>Source\External\Bullet</Filter>
    </ClInclude>
    <ClInclude Include="Source\External\Bullet\include\BulletCollision\Gimpact\gim_math.h">
      <Filter>Source\External\Bullet</Filter>
    </ClInclude>
    <ClInclude Include="Source\External\Bullet\include\BulletCollision\Gimpact\gim_memory.h">
      <Filter>Source\External\Bullet</Filter>
    </ClInclude>
    <ClInclude Include="Source\External\Bullet\include\BulletCollision\Gimpact\gim_radixsort.h">
      <Filter>Source\External\Bullet</Filter>
    </ClInclude>
    <ClInclude Include="Source\External\Bullet\include\BulletCollision\Gimpact\gim_tri_collision.h">
      <Filter>Source\External\Bullet</Filter>
    </ClInclude>
    <ClInclude Include="Source\External\Bullet\include\BulletCollision\NarrowPhaseCollision\btComputeGjkEpaPenetration.h">
      <Filter>Source\External\Bullet</Filter>
    </ClInclude>
    <ClInclude Include="Source\External\Bullet\include\BulletCollision\NarrowPhaseCollision\btContinuousConvexCollision.h">
      <Filter>Source\External\Bullet</Filter>
    </ClInclude>
    <ClInclude Include="Source\External\Bullet\include\BulletCollision\NarrowPhaseCollision\btConvexCast.h">
      <Filter>Source\External\Bullet</Filter>
    </ClInclude>
    <ClInclude Include="Source\External\Bullet\include\BulletCollision\NarrowPhaseCollision\btConvexPenetrationDepthSolver.h">
      <Filter>Source\External\Bullet</Filter>
    </ClInclude>
    <ClInclude Include="Source\External\Bullet\include\BulletCollision\NarrowPhaseCollision\btDiscreteCollisionDetectorInterface.h">
      <Filter>Source\External\Bullet</Filter>
    </ClInclude>
    <ClInclude Include="Source\External\Bullet\include\BulletCollision\NarrowPhaseCollision\btGjkCollisionDescription.h">
      <Filter>Source\External\Bullet</Filter>
    </ClInclude>
    <ClInclude Include="Source\External\Bullet\include\BulletCollision\NarrowPhaseCollision\btGjkConvexCast.h">
      <Filter>Source\External\Bullet</Filter>
    </ClInclude>
    <ClInclude Include="Source\External\Bullet\include\BulletCollision\NarrowPhaseCollision\btGjkEpa2.h">
      <Filter>Source\External\Bullet</Filter>
    </ClInclude>
    <ClInclude Include="Source\External\Bullet\include\BulletCollision\NarrowPhaseCollision\btGjkEpa3.h">
      <Filter>Source\External\Bullet</Filter>
    </ClInclude>
    <ClInclude Include="Source\External\Bullet\include\BulletCollision\NarrowPhaseCollision\btGjkEpaPenetrationDepthSolver.h">
      <Filter>Source\External\Bullet</Filter>
    </ClInclude>
    <ClInclude Include="Source\External\Bullet\include\BulletCollision\NarrowPhaseCollision\btGjkPairDetector.h">
      <Filter>Source\External\Bullet</Filter>
    </ClInclude>
    <ClInclude Include="Source\External\Bullet\include\BulletCollision\NarrowPhaseCollision\btManifoldPoint.h">
      <Filter>Source\External\Bullet</Filter>
    </ClInclude>
    <ClInclude Include="Source\External\Bullet\include\BulletCollision\NarrowPhaseCollision\btMinkowskiPenetrationDepthSolver.h">
      <Filter>Source\External\Bullet</Filter>
    </ClInclude>
    <ClInclude Include="Source\External\Bullet\include\BulletCollision\NarrowPhaseCollision\btMprPenetration.h">
      <Filter>Source\External\Bullet</Filter>
    </ClInclude>
    <ClInclude Include="Source\External\Bullet\include\BulletCollision\NarrowPhaseCollision\btPersistentManifold.h">
      <Filter>Source\External\Bullet</Filter>
    </ClInclude>
    <ClInclude Include="Source\External\Bullet\include\BulletCollision\NarrowPhaseCollision\btPointCollector.h">
      <Filter>Source\External\Bullet</Filter>
    </ClInclude>
    <ClInclude Include="Source\External\Bullet\include\BulletCollision\NarrowPhaseCollision\btPolyhedralContactClipping.h">
      <Filter>Source\External\Bullet</Filter>
    </ClInclude>
    <ClInclude Include="Source\External\Bullet\include\BulletCollision\NarrowPhaseCollision\btRaycastCallback.h">
      <Filter>Source\External\Bullet</Filter>
    </ClInclude>
    <ClInclude Include="Source\External\Bullet\include\BulletCollision\NarrowPhaseCollision\btSimplexSolverInterface.h">
      <Filter>Source\External\Bullet</Filter>
    </ClInclude>
    <ClInclude Include="Source\External\Bullet\include\BulletCollision\NarrowPhaseCollision\btSubSimplexConvexCast.h">
      <Filter>Source\External\Bullet</Filter>
    </ClInclude>
    <ClInclude Include="Source\External\Bullet\include\BulletCollision\NarrowPhaseCollision\btVoronoiSimplexSolver.h">
      <Filter>Source\External\Bullet</Filter>
    </ClInclude>
    <ClInclude Include="Source\External\Bullet\include\BulletDynamics\Character\btCharacterControllerInterface.h">
      <Filter>Source\External\Bullet</Filter>
    </ClInclude>
    <ClInclude Include="Source\External\Bullet\include\BulletDynamics\Character\btKinematicCharacterController.h">
      <Filter>Source\External\Bullet</Filter>
    </ClInclude>
    <ClInclude Include="Source\External\Bullet\include\BulletDynamics\ConstraintSolver\btConeTwistConstraint.h">
      <Filter>Source\External\Bullet</Filter>
    </ClInclude>
    <ClInclude Include="Source\External\Bullet\include\BulletDynamics\ConstraintSolver\btConstraintSolver.h">
      <Filter>Source\External\Bullet</Filter>
    </ClInclude>
    <ClInclude Include="Source\External\Bullet\include\BulletDynamics\ConstraintSolver\btContactConstraint.h">
      <Filter>Source\External\Bullet</Filter>
    </ClInclude>
    <ClInclude Include="Source\External\Bullet\include\BulletDynamics\ConstraintSolver\btContactSolverInfo.h">
      <Filter>Source\External\Bullet</Filter>
    </ClInclude>
    <ClInclude Include="Source\External\Bullet\include\BulletDynamics\ConstraintSolver\btFixedConstraint.h">
      <Filter>Source\External\Bullet</Filter>
    </ClInclude>
    <ClInclude Include="Source\External\Bullet\include\BulletDynamics\ConstraintSolver\btGearConstraint.h">
      <Filter>Source\External\Bullet</Filter>
    </ClInclude>
    <ClInclude Include="Source\External\Bullet\include\BulletDynamics\ConstraintSolver\btGeneric6DofConstraint.h">
      <Filter>Source\External\Bullet</Filter>
    </ClInclude>
    <ClInclude Include="Source\External\Bullet\include\BulletDynamics\ConstraintSolver\btGeneric6DofSpring2Constraint.h">
      <Filter>Source\External\Bullet</Filter>
    </ClInclude>
    <ClInclude Include="Source\External\Bullet\include\BulletDynamics\ConstraintSolver\btGeneric6DofSpringConstraint.h">
      <Filter>Source\External\Bullet</Filter>
    </ClInclude>
    <ClInclude Include="Source\External\Bullet\include\BulletDynamics\ConstraintSolver\btHinge2Constraint.h">
      <Filter>Source\External\Bullet</Filter>
    </ClInclude>
    <ClInclude Include="Source\External\Bullet\include\BulletDynamics\ConstraintSolver\btHingeConstraint.h">
      <Filter>Source\External\Bullet</Filter>
    </ClInclude>
    <ClInclude Include="Source\External\Bullet\include\BulletDynamics\ConstraintSolver\btJacobianEntry.h">
      <Filter>Source\External\Bullet</Filter>
    </ClInclude>
    <ClInclude Include="Source\External\Bullet\include\BulletDynamics\ConstraintSolver\btNNCGConstraintSolver.h">
      <Filter>Source\External\Bullet</Filter>
    </ClInclude>
    <ClInclude Include="Source\External\Bullet\include\BulletDynamics\ConstraintSolver\btPoint2PointConstraint.h">
      <Filter>Source\External\Bullet</Filter>
    </ClInclude>
    <ClInclude Include="Source\External\Bullet\include\BulletDynamics\ConstraintSolver\btSequentialImpulseConstraintSolver.h">
      <Filter>Source\External\Bullet</Filter>
    </ClInclude>
    <ClInclude Include="Source\External\Bullet\include\BulletDynamics\ConstraintSolver\btSliderConstraint.h">
      <Filter>Source\External\Bullet</Filter>
    </ClInclude>
    <ClInclude Include="Source\External\Bullet\include\BulletDynamics\ConstraintSolver\btSolve2LinearConstraint.h">
      <Filter>Source\External\Bullet</Filter>
    </ClInclude>
    <ClInclude Include="Source\External\Bullet\include\BulletDynamics\ConstraintSolver\btSolverBody.h">
      <Filter>Source\External\Bullet</Filter>
    </ClInclude>
    <ClInclude Include="Source\External\Bullet\include\BulletDynamics\ConstraintSolver\btSolverConstraint.h">
      <Filter>Source\External\Bullet</Filter>
    </ClInclude>
    <ClInclude Include="Source\External\Bullet\include\BulletDynamics\ConstraintSolver\btTypedConstraint.h">
      <Filter>Source\External\Bullet</Filter>
    </ClInclude>
    <ClInclude Include="Source\External\Bullet\include\BulletDynamics\ConstraintSolver\btUniversalConstraint.h">
      <Filter>Source\External\Bullet</Filter>
    </ClInclude>
    <ClInclude Include="Source\External\Bullet\include\BulletDynamics\Dynamics\btActionInterface.h">
      <Filter>Source\External\Bullet</Filter>
    </ClInclude>
    <ClInclude Include="Source\External\Bullet\include\BulletDynamics\Dynamics\btDiscreteDynamicsWorld.h">
      <Filter>Source\External\Bullet</Filter>
    </ClInclude>
    <ClInclude Include="Source\External\Bullet\include\BulletDynamics\Dynamics\btDynamicsWorld.h">
      <Filter>Source\External\Bullet</Filter>
    </ClInclude>
    <ClInclude Include="Source\External\Bullet\include\BulletDynamics\Dynamics\btRigidBody.h">
      <Filter>Source\External\Bullet</Filter>
    </ClInclude>
    <ClInclude Include="Source\External\Bullet\include\BulletDynamics\Dynamics\btSimpleDynamicsWorld.h">
      <Filter>Source\External\Bullet</Filter>
    </ClInclude>
    <ClInclude Include="Source\External\Bullet\include\BulletDynamics\Featherstone\btMultiBody.h">
      <Filter>Source\External\Bullet</Filter>
    </ClInclude>
    <ClInclude Include="Source\External\Bullet\include\BulletDynamics\Featherstone\btMultiBodyConstraint.h">
      <Filter>Source\External\Bullet</Filter>
    </ClInclude>
    <ClInclude Include="Source\External\Bullet\include\BulletDynamics\Featherstone\btMultiBodyConstraintSolver.h">
      <Filter>Source\External\Bullet</Filter>
    </ClInclude>
    <ClInclude Include="Source\External\Bullet\include\BulletDynamics\Featherstone\btMultiBodyDynamicsWorld.h">
      <Filter>Source\External\Bullet</Filter>
    </ClInclude>
    <ClInclude Include="Source\External\Bullet\include\BulletDynamics\Featherstone\btMultiBodyJointFeedback.h">
      <Filter>Source\External\Bullet</Filter>
    </ClInclude>
    <ClInclude Include="Source\External\Bullet\include\BulletDynamics\Featherstone\btMultiBodyJointLimitConstraint.h">
      <Filter>Source\External\Bullet</Filter>
    </ClInclude>
    <ClInclude Include="Source\External\Bullet\include\BulletDynamics\Featherstone\btMultiBodyJointMotor.h">
      <Filter>Source\External\Bullet</Filter>
    </ClInclude>
    <ClInclude Include="Source\External\Bullet\include\BulletDynamics\Featherstone\btMultiBodyLink.h">
      <Filter>Source\External\Bullet</Filter>
    </ClInclude>
    <ClInclude Include="Source\External\Bullet\include\BulletDynamics\Featherstone\btMultiBodyLinkCollider.h">
      <Filter>Source\External\Bullet</Filter>
    </ClInclude>
    <ClInclude Include="Source\External\Bullet\include\BulletDynamics\Featherstone\btMultiBodyPoint2Point.h">
      <Filter>Source\External\Bullet</Filter>
    </ClInclude>
    <ClInclude Include="Source\External\Bullet\include\BulletDynamics\Featherstone\btMultiBodySolverConstraint.h">
      <Filter>Source\External\Bullet</Filter>
    </ClInclude>
    <ClInclude Include="Source\External\Bullet\include\BulletDynamics\MLCPSolvers\btDantzigLCP.h">
      <Filter>Source\External\Bullet</Filter>
    </ClInclude>
    <ClInclude Include="Source\External\Bullet\include\BulletDynamics\MLCPSolvers\btDantzigSolver.h">
      <Filter>Source\External\Bullet</Filter>
    </ClInclude>
    <ClInclude Include="Source\External\Bullet\include\BulletDynamics\MLCPSolvers\btLemkeAlgorithm.h">
      <Filter>Source\External\Bullet</Filter>
    </ClInclude>
    <ClInclude Include="Source\External\Bullet\include\BulletDynamics\MLCPSolvers\btLemkeSolver.h">
      <Filter>Source\External\Bullet</Filter>
    </ClInclude>
    <ClInclude Include="Source\External\Bullet\include\BulletDynamics\MLCPSolvers\btMLCPSolver.h">
      <Filter>Source\External\Bullet</Filter>
    </ClInclude>
    <ClInclude Include="Source\External\Bullet\include\BulletDynamics\MLCPSolvers\btMLCPSolverInterface.h">
      <Filter>Source\External\Bullet</Filter>
    </ClInclude>
    <ClInclude Include="Source\External\Bullet\include\BulletDynamics\MLCPSolvers\btPATHSolver.h">
      <Filter>Source\External\Bullet</Filter>
    </ClInclude>
    <ClInclude Include="Source\External\Bullet\include\BulletDynamics\MLCPSolvers\btSolveProjectedGaussSeidel.h">
      <Filter>Source\External\Bullet</Filter>
    </ClInclude>
    <ClInclude Include="Source\External\Bullet\include\BulletDynamics\Vehicle\btRaycastVehicle.h">
      <Filter>Source\External\Bullet</Filter>
    </ClInclude>
    <ClInclude Include="Source\External\Bullet\include\BulletDynamics\Vehicle\btVehicleRaycaster.h">
      <Filter>Source\External\Bullet</Filter>
    </ClInclude>
    <ClInclude Include="Source\External\Bullet\include\BulletDynamics\Vehicle\btWheelInfo.h">
      <Filter>Source\External\Bullet</Filter>
    </ClInclude>
    <ClInclude Include="Source\External\Bullet\include\BulletSoftBody\btDefaultSoftBodySolver.h">
      <Filter>Source\External\Bullet</Filter>
    </ClInclude>
    <ClInclude Include="Source\External\Bullet\include\BulletSoftBody\btSoftBody.h">
      <Filter>Source\External\Bullet</Filter>
    </ClInclude>
    <ClInclude Include="Source\External\Bullet\include\BulletSoftBody\btSoftBodyConcaveCollisionAlgorithm.h">
      <Filter>Source\External\Bullet</Filter>
    </ClInclude>
    <ClInclude Include="Source\External\Bullet\include\BulletSoftBody\btSoftBodyData.h">
      <Filter>Source\External\Bullet</Filter>
    </ClInclude>
    <ClInclude Include="Source\External\Bullet\include\BulletSoftBody\btSoftBodyHelpers.h">
      <Filter>Source\External\Bullet</Filter>
    </ClInclude>
    <ClInclude Include="Source\External\Bullet\include\BulletSoftBody\btSoftBodyInternals.h">
      <Filter>Source\External\Bullet</Filter>
    </ClInclude>
    <ClInclude Include="Source\External\Bullet\include\BulletSoftBody\btSoftBodyRigidBodyCollisionConfiguration.h">
      <Filter>Source\External\Bullet</Filter>
    </ClInclude>
    <ClInclude Include="Source\External\Bullet\include\BulletSoftBody\btSoftBodySolvers.h">
      <Filter>Source\External\Bullet</Filter>
    </ClInclude>
    <ClInclude Include="Source\External\Bullet\include\BulletSoftBody\btSoftBodySolverVertexBuffer.h">
      <Filter>Source\External\Bullet</Filter>
    </ClInclude>
    <ClInclude Include="Source\External\Bullet\include\BulletSoftBody\btSoftRigidCollisionAlgorithm.h">
      <Filter>Source\External\Bullet</Filter>
    </ClInclude>
    <ClInclude Include="Source\External\Bullet\include\BulletSoftBody\btSoftRigidDynamicsWorld.h">
      <Filter>Source\External\Bullet</Filter>
    </ClInclude>
    <ClInclude Include="Source\External\Bullet\include\BulletSoftBody\btSoftSoftCollisionAlgorithm.h">
      <Filter>Source\External\Bullet</Filter>
    </ClInclude>
    <ClInclude Include="Source\External\Bullet\include\BulletSoftBody\btSparseSDF.h">
      <Filter>Source\External\Bullet</Filter>
    </ClInclude>
  </ItemGroup>
  <ItemGroup>
    <None Include="Source\External\MathGeoLib\Geometry\KDTree.inl">
      <Filter>Source\External\MathGeoLib</Filter>
    </None>
    <None Include="Source\External\MathGeoLib\Geometry\QuadTree.inl">
      <Filter>Source\External\MathGeoLib</Filter>
    </None>
    <None Include="Source\External\MathGeoLib\Geometry\TriangleMesh_IntersectRay_AVX.inl">
      <Filter>Source\External\MathGeoLib</Filter>
    </None>
    <None Include="Source\External\MathGeoLib\Geometry\TriangleMesh_IntersectRay_CPP.inl">
      <Filter>Source\External\MathGeoLib</Filter>
    </None>
    <None Include="Source\External\MathGeoLib\Geometry\TriangleMesh_IntersectRay_SSE.inl">
      <Filter>Source\External\MathGeoLib</Filter>
    </None>
    <None Include="Source\External\MathGeoLib\Math\float2.inl">
      <Filter>Source\External\MathGeoLib</Filter>
    </None>
    <None Include="Source\External\MathGeoLib\Math\Matrix.inl">
      <Filter>Source\External\MathGeoLib</Filter>
    </None>
    <None Include="..\Output\Assets\Project_1\Assets\Shaders\default.fragment">
      <Filter>Source\Graphics\Shaders</Filter>
    </None>
    <None Include="..\Output\Assets\Project_1\Assets\Shaders\default.vertex">
      <Filter>Source\Graphics\Shaders</Filter>
    </None>
    <None Include="..\Output\Assets\Project_1\Assets\Shaders\selected.fragment">
      <Filter>Source\Graphics\Shaders</Filter>
    </None>
  </ItemGroup>
</Project>